
Microsoft Visual Studio Solution File, Format Version 12.00
# Visual Studio Version 16
VisualStudioVersion = 16.0.30803.129
MinimumVisualStudioVersion = 10.0.40219.1
Project("{FAE04EC0-301F-11D3-BF4B-00C04F79EFBC}") = "SampleNet", "SampleNet\SampleNet.csproj", "{4C6E05BD-2C1F-48C7-AD56-F21EE6F4304D}"
EndProject
Project("{FAE04EC0-301F-11D3-BF4B-00C04F79EFBC}") = "SampleNet.Tests", "SampleNet.Tests\SampleNet.Tests.csproj", "{0932793C-8FBD-4047-A1E4-5E0F63755E3A}"
EndProject
Global
	GlobalSection(SolutionConfigurationPlatforms) = preSolution
		Debug|Any CPU = Debug|Any CPU
		Release|Any CPU = Release|Any CPU
	EndGlobalSection
	GlobalSection(ProjectConfigurationPlatforms) = postSolution
		{4C6E05BD-2C1F-48C7-AD56-F21EE6F4304D}.Debug|Any CPU.ActiveCfg = Debug|Any CPU
		{4C6E05BD-2C1F-48C7-AD56-F21EE6F4304D}.Debug|Any CPU.Build.0 = Debug|Any CPU
		{4C6E05BD-2C1F-48C7-AD56-F21EE6F4304D}.Release|Any CPU.ActiveCfg = Release|Any CPU
		{4C6E05BD-2C1F-48C7-AD56-F21EE6F4304D}.Release|Any CPU.Build.0 = Release|Any CPU
		{0932793C-8FBD-4047-A1E4-5E0F63755E3A}.Debug|Any CPU.ActiveCfg = Debug|Any CPU
		{0932793C-8FBD-4047-A1E4-5E0F63755E3A}.Debug|Any CPU.Build.0 = Debug|Any CPU
		{0932793C-8FBD-4047-A1E4-5E0F63755E3A}.Release|Any CPU.ActiveCfg = Release|Any CPU
		{0932793C-8FBD-4047-A1E4-5E0F63755E3A}.Release|Any CPU.Build.0 = Release|Any CPU
	EndGlobalSection
	GlobalSection(SolutionProperties) = preSolution
		HideSolutionNode = FALSE
	EndGlobalSection
	GlobalSection(ExtensibilityGlobals) = postSolution
		SolutionGuid = {B1D486B3-4FF4-41F4-93CF-DC41B5D64846}
	EndGlobalSection
EndGlobal
